
Microsoft Visual Studio Solution File, Format Version 12.00
# Visual Studio Version 17
VisualStudioVersion = 17.0.31903.59
MinimumVisualStudioVersion = 10.0.40219.1
Project("{FAE04EC0-301F-11D3-BF4B-00C04F79EFBC}") = "PedidosJeans.Api", "PedidosJeans.Api\PedidosJeans.Api.csproj", "{9DCD8A08-B46E-467B-80CF-97F3CD9D0D54}"
EndProject
Project("{FAE04EC0-301F-11D3-BF4B-00C04F79EFBC}") = "PedidosJeans.Core", "PedidosJeans.Core\PedidosJeans.Core.csproj", "{79131F2C-5FFA-4A38-A118-805E46DF5852}"
EndProject
Project("{FAE04EC0-301F-11D3-BF4B-00C04F79EFBC}") = "PedidosJeans.Web", "PedidosJeans.Web\PedidosJeans.Web.csproj", "{445537D5-C96F-41B5-A1D5-F07A280271E6}"
EndProject
Global
	GlobalSection(SolutionConfigurationPlatforms) = preSolution
		Debug|Any CPU = Debug|Any CPU
		Release|Any CPU = Release|Any CPU
	EndGlobalSection
	GlobalSection(SolutionProperties) = preSolution
		HideSolutionNode = FALSE
	EndGlobalSection
	GlobalSection(ProjectConfigurationPlatforms) = postSolution
		{9DCD8A08-B46E-467B-80CF-97F3CD9D0D54}.Debug|Any CPU.ActiveCfg = Debug|Any CPU
		{9DCD8A08-B46E-467B-80CF-97F3CD9D0D54}.Debug|Any CPU.Build.0 = Debug|Any CPU
		{9DCD8A08-B46E-467B-80CF-97F3CD9D0D54}.Release|Any CPU.ActiveCfg = Release|Any CPU
		{9DCD8A08-B46E-467B-80CF-97F3CD9D0D54}.Release|Any CPU.Build.0 = Release|Any CPU
		{79131F2C-5FFA-4A38-A118-805E46DF5852}.Debug|Any CPU.ActiveCfg = Debug|Any CPU
		{79131F2C-5FFA-4A38-A118-805E46DF5852}.Debug|Any CPU.Build.0 = Debug|Any CPU
		{79131F2C-5FFA-4A38-A118-805E46DF5852}.Release|Any CPU.ActiveCfg = Release|Any CPU
		{79131F2C-5FFA-4A38-A118-805E46DF5852}.Release|Any CPU.Build.0 = Release|Any CPU
		{445537D5-C96F-41B5-A1D5-F07A280271E6}.Debug|Any CPU.ActiveCfg = Debug|Any CPU
		{445537D5-C96F-41B5-A1D5-F07A280271E6}.Debug|Any CPU.Build.0 = Debug|Any CPU
		{445537D5-C96F-41B5-A1D5-F07A280271E6}.Release|Any CPU.ActiveCfg = Release|Any CPU
		{445537D5-C96F-41B5-A1D5-F07A280271E6}.Release|Any CPU.Build.0 = Release|Any CPU
	EndGlobalSection
EndGlobal
